
Microsoft Visual Studio Solution File, Format Version 12.00
# Visual Studio Version 17
VisualStudioVersion = 17.11.35303.130
MinimumVisualStudioVersion = 10.0.40219.1
Project("{2150E333-8FDC-42A3-9474-1A3956D46DE8}") = "Task0", "Task0", "{2A2A06DD-B183-4DD5-86DF-A0B4993E0CAA}"
EndProject
Project("{9A19103F-16F7-4668-BE54-9A1E7A4F7556}") = "Tyuiu.KulkoDA.Sprint4.Task0.V6", "Tyuiu.KulkoDA.Sprint4.Task0.V6\Tyuiu.KulkoDA.Sprint4.Task0.V6.csproj", "{58FF106E-9874-4B86-B1B5-9188514F1D62}"
EndProject
Project("{9A19103F-16F7-4668-BE54-9A1E7A4F7556}") = "Tyuiu.KulkoDA.Sprint4.Task0.V6.Lib", "Tyuiu.KulkoDA.Sprint4.Task0.V6.Lib\Tyuiu.KulkoDA.Sprint4.Task0.V6.Lib.csproj", "{F5D4F7DB-5867-4410-938E-0F4BA22DA3E6}"
EndProject
Project("{9A19103F-16F7-4668-BE54-9A1E7A4F7556}") = "Tyuiu.KulkoDA.Sprint4.Task0.V6.Test", "Tyuiu.KulkoDA.Sprint4.Task0.V6.Test\Tyuiu.KulkoDA.Sprint4.Task0.V6.Test.csproj", "{414ED6C9-D7DC-4EB9-8B60-6EEBB297EB75}"
EndProject
Project("{9A19103F-16F7-4668-BE54-9A1E7A4F7556}") = "Tyuiu.KulkoDA.Sprint4.Task1.V29", "Tyuiu.KulkoDA.Sprint4.Task1.V29\Tyuiu.KulkoDA.Sprint4.Task1.V29.csproj", "{15EE2153-73EC-43D7-A7C4-6550CBED65C6}"
EndProject
Project("{2150E333-8FDC-42A3-9474-1A3956D46DE8}") = "Task1", "Task1", "{A7FC0C6F-F3DF-4AEE-86CF-12C1C5958A7B}"
EndProject
Project("{9A19103F-16F7-4668-BE54-9A1E7A4F7556}") = "Tyuiu.KulkoDA.Sprint4.Task1.V29.Lib", "Tyuiu.KulkoDA.Sprint4.Task1.V29.Lib\Tyuiu.KulkoDA.Sprint4.Task1.V29.Lib.csproj", "{B06B7FAA-0D9D-4988-979E-8A96253841AE}"
EndProject
Project("{9A19103F-16F7-4668-BE54-9A1E7A4F7556}") = "Tyuiu.KulkoDA.Sprint4.Task1.V29.Test", "Tyuiu.KulkoDA.Sprint4.Task1.V29.Test\Tyuiu.KulkoDA.Sprint4.Task1.V29.Test.csproj", "{F0B986FA-D41D-4053-93D9-8D41AE87311E}"
EndProject
Project("{2150E333-8FDC-42A3-9474-1A3956D46DE8}") = "Task2", "Task2", "{9BF4AB30-93C9-46B7-B252-0A9814E6846D}"
EndProject
Project("{9A19103F-16F7-4668-BE54-9A1E7A4F7556}") = "Tyuiu.KulkoDA.Sprint4.Task2.V5", "Tyuiu.KulkoDA.Sprint4.Task2.V5\Tyuiu.KulkoDA.Sprint4.Task2.V5.csproj", "{8C26DE05-7934-4044-A35F-4EBA0C77D34F}"
EndProject
Project("{9A19103F-16F7-4668-BE54-9A1E7A4F7556}") = "Tyuiu.KulkoDA.Sprint4.Task2.V5.Lib", "Tyuiu.KulkoDA.Sprint4.Task2.V5.Lib\Tyuiu.KulkoDA.Sprint4.Task2.V5.Lib.csproj", "{31BDDEAF-057B-47ED-A37D-ADE3AE0AADC3}"
EndProject
Project("{9A19103F-16F7-4668-BE54-9A1E7A4F7556}") = "Tyuiu.KulkoDA.Sprint4.Task2.V5.Test", "Tyuiu.KulkoDA.Sprint4.Task2.V5.Test\Tyuiu.KulkoDA.Sprint4.Task2.V5.Test.csproj", "{BC87D036-8AB0-4ACA-A3DC-612401B1ABD5}"
EndProject
Project("{2150E333-8FDC-42A3-9474-1A3956D46DE8}") = "Task3", "Task3", "{343F1D77-17ED-44AF-99EE-C8A86112CE7D}"
EndProject
Project("{9A19103F-16F7-4668-BE54-9A1E7A4F7556}") = "Tyuiu.KulkoDA.Sprint4.Task3.V26.Lib", "Tyuiu.KulkoDA.Sprint4.Task3.V26.Lib\Tyuiu.KulkoDA.Sprint4.Task3.V26.Lib.csproj", "{9A526753-ED0F-46A5-A81D-04ED43AA5A38}"
EndProject
Project("{9A19103F-16F7-4668-BE54-9A1E7A4F7556}") = "Tyuiu.KulkoDA.Sprint4.Task3.V26", "Tyuiu.KulkoDA.Sprint4.Task3.V26\Tyuiu.KulkoDA.Sprint4.Task3.V26.csproj", "{F9BB3F9F-57EB-4DBF-ACC3-F3ABF540A843}"
EndProject
Project("{9A19103F-16F7-4668-BE54-9A1E7A4F7556}") = "Tyuiu.KulkoDA.Sprint4.Task3.V26.Test", "Tyuiu.KulkoDA.Sprint4.Task3.V26.Test\Tyuiu.KulkoDA.Sprint4.Task3.V26.Test.csproj", "{722EF30A-B2F9-433C-9FAA-9220A7ACBB6C}"
EndProject
Project("{2150E333-8FDC-42A3-9474-1A3956D46DE8}") = "Task4", "Task4", "{B181F17A-7E28-4AB9-89BE-4715AAE14127}"
EndProject
Project("{9A19103F-16F7-4668-BE54-9A1E7A4F7556}") = "Tyuiu.KulkoDA.Sprint4.Task4.V16", "Tyuiu.KulkoDA.Sprint4.Task4.V16\Tyuiu.KulkoDA.Sprint4.Task4.V16.csproj", "{8E6E5996-790A-4E48-A8F2-90E0584146D9}"
EndProject
Project("{9A19103F-16F7-4668-BE54-9A1E7A4F7556}") = "Tyuiu.KulkoDA.Sprint4.Task4.V16.Lib", "Tyuiu.KulkoDA.Sprint4.Task4.V16.Lib\Tyuiu.KulkoDA.Sprint4.Task4.V16.Lib.csproj", "{8D25531A-0E3D-4D92-94E1-2B3623FB08A7}"
EndProject
Project("{9A19103F-16F7-4668-BE54-9A1E7A4F7556}") = "Tyuiu.KulkoDA.Sprint4.Task4.V16.Test", "Tyuiu.KulkoDA.Sprint4.Task4.V16.Test\Tyuiu.KulkoDA.Sprint4.Task4.V16.Test.csproj", "{1D3C0A95-73D7-4CE0-83CA-3BC50694947A}"
EndProject
Project("{2150E333-8FDC-42A3-9474-1A3956D46DE8}") = "Task5", "Task5", "{BC48C2B4-458C-4CA4-B856-D872728A1F33}"
EndProject
Project("{FAE04EC0-301F-11D3-BF4B-00C04F79EFBC}") = "Tyuiu.KulkoDA.Sprint4.Task5.V15", "Tyuiu.KulkoDA.Sprint4.Task5.V15\Tyuiu.KulkoDA.Sprint4.Task5.V15.csproj", "{08F60337-D802-4284-90E8-4EAA2380EC2A}"
EndProject
Project("{FAE04EC0-301F-11D3-BF4B-00C04F79EFBC}") = "Tyuiu.KulkoDA.Sprint4.Task5.V15.Lib", "Tyuiu.KulkoDA.Sprint4.Task5.V15.Lib\Tyuiu.KulkoDA.Sprint4.Task5.V15.Lib.csproj", "{8A4AFEAE-4CF0-4532-B849-2106383D615A}"
EndProject
Project("{FAE04EC0-301F-11D3-BF4B-00C04F79EFBC}") = "Tyuiu.KulkoDA.Sprint4.Task5.V15.Test", "Tyuiu.KulkoDA.Sprint4.Task5.V15.Test\Tyuiu.KulkoDA.Sprint4.Task5.V15.Test.csproj", "{FD48E572-9EE3-4D43-865A-416038E31830}"
EndProject
Project("{2150E333-8FDC-42A3-9474-1A3956D46DE8}") = "Task6", "Task6", "{994C59EF-24D6-4E4A-A368-03CF10F60E1F}"
EndProject
Project("{FAE04EC0-301F-11D3-BF4B-00C04F79EFBC}") = "Tyuiu.KulkoDA.Sprint4.Task6.V3", "Tyuiu.KulkoDA.Sprint4.Task6.V3\Tyuiu.KulkoDA.Sprint4.Task6.V3.csproj", "{8E6AD446-B668-4B7A-8B20-3CAF528358C5}"
EndProject
Project("{FAE04EC0-301F-11D3-BF4B-00C04F79EFBC}") = "Tyuiu.KulkoDA.Sprint4.Task6.V3.Lib", "Tyuiu.KulkoDA.Sprint4.Task6.V3.Lib\Tyuiu.KulkoDA.Sprint4.Task6.V3.Lib.csproj", "{7E9EACD9-F5B0-488D-A6DF-738AF505D0C7}"
EndProject
Project("{FAE04EC0-301F-11D3-BF4B-00C04F79EFBC}") = "Tyuiu.KulkoDA.Sprint4.Task6.V3.Test", "Tyuiu.KulkoDA.Sprint4.Task6.V3.Test\Tyuiu.KulkoDA.Sprint4.Task6.V3.Test.csproj", "{907161F8-18BC-4F90-BB5D-2D00F96D1803}"
EndProject
Project("{2150E333-8FDC-42A3-9474-1A3956D46DE8}") = "Task7", "Task7", "{73719CF2-F8D9-4F08-AF74-3A2B17E0FB9C}"
EndProject
Project("{FAE04EC0-301F-11D3-BF4B-00C04F79EFBC}") = "Tyuiu.KulkoDA.Sprint4.Task7.V3", "Tyuiu.KulkoDA.Sprint4.Task7.V3\Tyuiu.KulkoDA.Sprint4.Task7.V3.csproj", "{15B4FE7A-519D-4393-99C9-3D6BD516398E}"
EndProject
Project("{FAE04EC0-301F-11D3-BF4B-00C04F79EFBC}") = "Tyuiu.KulkoDA.Sprint4.Task7.V3.Lib", "Tyuiu.KulkoDA.Sprint4.Task7.V3.Lib\Tyuiu.KulkoDA.Sprint4.Task7.V3.Lib.csproj", "{47D208CC-FC2F-46AF-BBC1-6D8E72AE5763}"
EndProject
Project("{FAE04EC0-301F-11D3-BF4B-00C04F79EFBC}") = "Tyuiu.KulkoDA.Sprint4.Task7.V3.Test", "Tyuiu.KulkoDA.Sprint4.Task7.V3.Test\Tyuiu.KulkoDA.Sprint4.Task7.V3.Test.csproj", "{65C47DCD-222C-4172-A48A-0EF37F502508}"
EndProject
Global
	GlobalSection(SolutionConfigurationPlatforms) = preSolution
		Debug|Any CPU = Debug|Any CPU
		Release|Any CPU = Release|Any CPU
	EndGlobalSection
	GlobalSection(ProjectConfigurationPlatforms) = postSolution
		{58FF106E-9874-4B86-B1B5-9188514F1D62}.Debug|Any CPU.ActiveCfg = Debug|Any CPU
		{58FF106E-9874-4B86-B1B5-9188514F1D62}.Debug|Any CPU.Build.0 = Debug|Any CPU
		{58FF106E-9874-4B86-B1B5-9188514F1D62}.Release|Any CPU.ActiveCfg = Release|Any CPU
		{58FF106E-9874-4B86-B1B5-9188514F1D62}.Release|Any CPU.Build.0 = Release|Any CPU
		{F5D4F7DB-5867-4410-938E-0F4BA22DA3E6}.Debug|Any CPU.ActiveCfg = Debug|Any CPU
		{F5D4F7DB-5867-4410-938E-0F4BA22DA3E6}.Debug|Any CPU.Build.0 = Debug|Any CPU
		{F5D4F7DB-5867-4410-938E-0F4BA22DA3E6}.Release|Any CPU.ActiveCfg = Release|Any CPU
		{F5D4F7DB-5867-4410-938E-0F4BA22DA3E6}.Release|Any CPU.Build.0 = Release|Any CPU
		{414ED6C9-D7DC-4EB9-8B60-6EEBB297EB75}.Debug|Any CPU.ActiveCfg = Debug|Any CPU
		{414ED6C9-D7DC-4EB9-8B60-6EEBB297EB75}.Debug|Any CPU.Build.0 = Debug|Any CPU
		{414ED6C9-D7DC-4EB9-8B60-6EEBB297EB75}.Release|Any CPU.ActiveCfg = Release|Any CPU
		{414ED6C9-D7DC-4EB9-8B60-6EEBB297EB75}.Release|Any CPU.Build.0 = Release|Any CPU
		{15EE2153-73EC-43D7-A7C4-6550CBED65C6}.Debug|Any CPU.ActiveCfg = Debug|Any CPU
		{15EE2153-73EC-43D7-A7C4-6550CBED65C6}.Debug|Any CPU.Build.0 = Debug|Any CPU
		{15EE2153-73EC-43D7-A7C4-6550CBED65C6}.Release|Any CPU.ActiveCfg = Release|Any CPU
		{15EE2153-73EC-43D7-A7C4-6550CBED65C6}.Release|Any CPU.Build.0 = Release|Any CPU
		{B06B7FAA-0D9D-4988-979E-8A96253841AE}.Debug|Any CPU.ActiveCfg = Debug|Any CPU
		{B06B7FAA-0D9D-4988-979E-8A96253841AE}.Debug|Any CPU.Build.0 = Debug|Any CPU
		{B06B7FAA-0D9D-4988-979E-8A96253841AE}.Release|Any CPU.ActiveCfg = Release|Any CPU
		{B06B7FAA-0D9D-4988-979E-8A96253841AE}.Release|Any CPU.Build.0 = Release|Any CPU
		{F0B986FA-D41D-4053-93D9-8D41AE87311E}.Debug|Any CPU.ActiveCfg = Debug|Any CPU
		{F0B986FA-D41D-4053-93D9-8D41AE87311E}.Debug|Any CPU.Build.0 = Debug|Any CPU
		{F0B986FA-D41D-4053-93D9-8D41AE87311E}.Release|Any CPU.ActiveCfg = Release|Any CPU
		{F0B986FA-D41D-4053-93D9-8D41AE87311E}.Release|Any CPU.Build.0 = Release|Any CPU
		{8C26DE05-7934-4044-A35F-4EBA0C77D34F}.Debug|Any CPU.ActiveCfg = Debug|Any CPU
		{8C26DE05-7934-4044-A35F-4EBA0C77D34F}.Debug|Any CPU.Build.0 = Debug|Any CPU
		{8C26DE05-7934-4044-A35F-4EBA0C77D34F}.Release|Any CPU.ActiveCfg = Release|Any CPU
		{8C26DE05-7934-4044-A35F-4EBA0C77D34F}.Release|Any CPU.Build.0 = Release|Any CPU
		{31BDDEAF-057B-47ED-A37D-ADE3AE0AADC3}.Debug|Any CPU.ActiveCfg = Debug|Any CPU
		{31BDDEAF-057B-47ED-A37D-ADE3AE0AADC3}.Debug|Any CPU.Build.0 = Debug|Any CPU
		{31BDDEAF-057B-47ED-A37D-ADE3AE0AADC3}.Release|Any CPU.ActiveCfg = Release|Any CPU
		{31BDDEAF-057B-47ED-A37D-ADE3AE0AADC3}.Release|Any CPU.Build.0 = Release|Any CPU
		{BC87D036-8AB0-4ACA-A3DC-612401B1ABD5}.Debug|Any CPU.ActiveCfg = Debug|Any CPU
		{BC87D036-8AB0-4ACA-A3DC-612401B1ABD5}.Debug|Any CPU.Build.0 = Debug|Any CPU
		{BC87D036-8AB0-4ACA-A3DC-612401B1ABD5}.Release|Any CPU.ActiveCfg = Release|Any CPU
		{BC87D036-8AB0-4ACA-A3DC-612401B1ABD5}.Release|Any CPU.Build.0 = Release|Any CPU
		{9A526753-ED0F-46A5-A81D-04ED43AA5A38}.Debug|Any CPU.ActiveCfg = Debug|Any CPU
		{9A526753-ED0F-46A5-A81D-04ED43AA5A38}.Debug|Any CPU.Build.0 = Debug|Any CPU
		{9A526753-ED0F-46A5-A81D-04ED43AA5A38}.Release|Any CPU.ActiveCfg = Release|Any CPU
		{9A526753-ED0F-46A5-A81D-04ED43AA5A38}.Release|Any CPU.Build.0 = Release|Any CPU
		{F9BB3F9F-57EB-4DBF-ACC3-F3ABF540A843}.Debug|Any CPU.ActiveCfg = Debug|Any CPU
		{F9BB3F9F-57EB-4DBF-ACC3-F3ABF540A843}.Debug|Any CPU.Build.0 = Debug|Any CPU
		{F9BB3F9F-57EB-4DBF-ACC3-F3ABF540A843}.Release|Any CPU.ActiveCfg = Release|Any CPU
		{F9BB3F9F-57EB-4DBF-ACC3-F3ABF540A843}.Release|Any CPU.Build.0 = Release|Any CPU
		{722EF30A-B2F9-433C-9FAA-9220A7ACBB6C}.Debug|Any CPU.ActiveCfg = Debug|Any CPU
		{722EF30A-B2F9-433C-9FAA-9220A7ACBB6C}.Debug|Any CPU.Build.0 = Debug|Any CPU
		{722EF30A-B2F9-433C-9FAA-9220A7ACBB6C}.Release|Any CPU.ActiveCfg = Release|Any CPU
		{722EF30A-B2F9-433C-9FAA-9220A7ACBB6C}.Release|Any CPU.Build.0 = Release|Any CPU
		{8E6E5996-790A-4E48-A8F2-90E0584146D9}.Debug|Any CPU.ActiveCfg = Debug|Any CPU
		{8E6E5996-790A-4E48-A8F2-90E0584146D9}.Debug|Any CPU.Build.0 = Debug|Any CPU
		{8E6E5996-790A-4E48-A8F2-90E0584146D9}.Release|Any CPU.ActiveCfg = Release|Any CPU
		{8E6E5996-790A-4E48-A8F2-90E0584146D9}.Release|Any CPU.Build.0 = Release|Any CPU
		{8D25531A-0E3D-4D92-94E1-2B3623FB08A7}.Debug|Any CPU.ActiveCfg = Debug|Any CPU
		{8D25531A-0E3D-4D92-94E1-2B3623FB08A7}.Debug|Any CPU.Build.0 = Debug|Any CPU
		{8D25531A-0E3D-4D92-94E1-2B3623FB08A7}.Release|Any CPU.ActiveCfg = Release|Any CPU
		{8D25531A-0E3D-4D92-94E1-2B3623FB08A7}.Release|Any CPU.Build.0 = Release|Any CPU
		{1D3C0A95-73D7-4CE0-83CA-3BC50694947A}.Debug|Any CPU.ActiveCfg = Debug|Any CPU
		{1D3C0A95-73D7-4CE0-83CA-3BC50694947A}.Debug|Any CPU.Build.0 = Debug|Any CPU
		{1D3C0A95-73D7-4CE0-83CA-3BC50694947A}.Release|Any CPU.ActiveCfg = Release|Any CPU
		{1D3C0A95-73D7-4CE0-83CA-3BC50694947A}.Release|Any CPU.Build.0 = Release|Any CPU
		{08F60337-D802-4284-90E8-4EAA2380EC2A}.Debug|Any CPU.ActiveCfg = Debug|Any CPU
		{08F60337-D802-4284-90E8-4EAA2380EC2A}.Debug|Any CPU.Build.0 = Debug|Any CPU
		{08F60337-D802-4284-90E8-4EAA2380EC2A}.Release|Any CPU.ActiveCfg = Release|Any CPU
		{08F60337-D802-4284-90E8-4EAA2380EC2A}.Release|Any CPU.Build.0 = Release|Any CPU
		{8A4AFEAE-4CF0-4532-B849-2106383D615A}.Debug|Any CPU.ActiveCfg = Debug|Any CPU
		{8A4AFEAE-4CF0-4532-B849-2106383D615A}.Debug|Any CPU.Build.0 = Debug|Any CPU
		{8A4AFEAE-4CF0-4532-B849-2106383D615A}.Release|Any CPU.ActiveCfg = Release|Any CPU
		{8A4AFEAE-4CF0-4532-B849-2106383D615A}.Release|Any CPU.Build.0 = Release|Any CPU
		{FD48E572-9EE3-4D43-865A-416038E31830}.Debug|Any CPU.ActiveCfg = Debug|Any CPU
		{FD48E572-9EE3-4D43-865A-416038E31830}.Debug|Any CPU.Build.0 = Debug|Any CPU
		{FD48E572-9EE3-4D43-865A-416038E31830}.Release|Any CPU.ActiveCfg = Release|Any CPU
		{FD48E572-9EE3-4D43-865A-416038E31830}.Release|Any CPU.Build.0 = Release|Any CPU
		{8E6AD446-B668-4B7A-8B20-3CAF528358C5}.Debug|Any CPU.ActiveCfg = Debug|Any CPU
		{8E6AD446-B668-4B7A-8B20-3CAF528358C5}.Debug|Any CPU.Build.0 = Debug|Any CPU
		{8E6AD446-B668-4B7A-8B20-3CAF528358C5}.Release|Any CPU.ActiveCfg = Release|Any CPU
		{8E6AD446-B668-4B7A-8B20-3CAF528358C5}.Release|Any CPU.Build.0 = Release|Any CPU
		{7E9EACD9-F5B0-488D-A6DF-738AF505D0C7}.Debug|Any CPU.ActiveCfg = Debug|Any CPU
		{7E9EACD9-F5B0-488D-A6DF-738AF505D0C7}.Debug|Any CPU.Build.0 = Debug|Any CPU
		{7E9EACD9-F5B0-488D-A6DF-738AF505D0C7}.Release|Any CPU.ActiveCfg = Release|Any CPU
		{7E9EACD9-F5B0-488D-A6DF-738AF505D0C7}.Release|Any CPU.Build.0 = Release|Any CPU
		{907161F8-18BC-4F90-BB5D-2D00F96D1803}.Debug|Any CPU.ActiveCfg = Debug|Any CPU
		{907161F8-18BC-4F90-BB5D-2D00F96D1803}.Debug|Any CPU.Build.0 = Debug|Any CPU
		{907161F8-18BC-4F90-BB5D-2D00F96D1803}.Release|Any CPU.ActiveCfg = Release|Any CPU
		{907161F8-18BC-4F90-BB5D-2D00F96D1803}.Release|Any CPU.Build.0 = Release|Any CPU
		{15B4FE7A-519D-4393-99C9-3D6BD516398E}.Debug|Any CPU.ActiveCfg = Debug|Any CPU
		{15B4FE7A-519D-4393-99C9-3D6BD516398E}.Debug|Any CPU.Build.0 = Debug|Any CPU
		{15B4FE7A-519D-4393-99C9-3D6BD516398E}.Release|Any CPU.ActiveCfg = Release|Any CPU
		{15B4FE7A-519D-4393-99C9-3D6BD516398E}.Release|Any CPU.Build.0 = Release|Any CPU
		{47D208CC-FC2F-46AF-BBC1-6D8E72AE5763}.Debug|Any CPU.ActiveCfg = Debug|Any CPU
		{47D208CC-FC2F-46AF-BBC1-6D8E72AE5763}.Debug|Any CPU.Build.0 = Debug|Any CPU
		{47D208CC-FC2F-46AF-BBC1-6D8E72AE5763}.Release|Any CPU.ActiveCfg = Release|Any CPU
		{47D208CC-FC2F-46AF-BBC1-6D8E72AE5763}.Release|Any CPU.Build.0 = Release|Any CPU
		{65C47DCD-222C-4172-A48A-0EF37F502508}.Debug|Any CPU.ActiveCfg = Debug|Any CPU
		{65C47DCD-222C-4172-A48A-0EF37F502508}.Debug|Any CPU.Build.0 = Debug|Any CPU
		{65C47DCD-222C-4172-A48A-0EF37F502508}.Release|Any CPU.ActiveCfg = Release|Any CPU
		{65C47DCD-222C-4172-A48A-0EF37F502508}.Release|Any CPU.Build.0 = Release|Any CPU
	EndGlobalSection
	GlobalSection(SolutionProperties) = preSolution
		HideSolutionNode = FALSE
	EndGlobalSection
	GlobalSection(NestedProjects) = preSolution
		{58FF106E-9874-4B86-B1B5-9188514F1D62} = {2A2A06DD-B183-4DD5-86DF-A0B4993E0CAA}
		{F5D4F7DB-5867-4410-938E-0F4BA22DA3E6} = {2A2A06DD-B183-4DD5-86DF-A0B4993E0CAA}
		{414ED6C9-D7DC-4EB9-8B60-6EEBB297EB75} = {2A2A06DD-B183-4DD5-86DF-A0B4993E0CAA}
		{15EE2153-73EC-43D7-A7C4-6550CBED65C6} = {A7FC0C6F-F3DF-4AEE-86CF-12C1C5958A7B}
		{B06B7FAA-0D9D-4988-979E-8A96253841AE} = {A7FC0C6F-F3DF-4AEE-86CF-12C1C5958A7B}
		{F0B986FA-D41D-4053-93D9-8D41AE87311E} = {A7FC0C6F-F3DF-4AEE-86CF-12C1C5958A7B}
		{8C26DE05-7934-4044-A35F-4EBA0C77D34F} = {9BF4AB30-93C9-46B7-B252-0A9814E6846D}
		{31BDDEAF-057B-47ED-A37D-ADE3AE0AADC3} = {9BF4AB30-93C9-46B7-B252-0A9814E6846D}
		{BC87D036-8AB0-4ACA-A3DC-612401B1ABD5} = {9BF4AB30-93C9-46B7-B252-0A9814E6846D}
		{9A526753-ED0F-46A5-A81D-04ED43AA5A38} = {343F1D77-17ED-44AF-99EE-C8A86112CE7D}
		{F9BB3F9F-57EB-4DBF-ACC3-F3ABF540A843} = {343F1D77-17ED-44AF-99EE-C8A86112CE7D}
		{722EF30A-B2F9-433C-9FAA-9220A7ACBB6C} = {343F1D77-17ED-44AF-99EE-C8A86112CE7D}
		{8E6E5996-790A-4E48-A8F2-90E0584146D9} = {B181F17A-7E28-4AB9-89BE-4715AAE14127}
		{8D25531A-0E3D-4D92-94E1-2B3623FB08A7} = {B181F17A-7E28-4AB9-89BE-4715AAE14127}
		{1D3C0A95-73D7-4CE0-83CA-3BC50694947A} = {B181F17A-7E28-4AB9-89BE-4715AAE14127}
		{08F60337-D802-4284-90E8-4EAA2380EC2A} = {BC48C2B4-458C-4CA4-B856-D872728A1F33}
		{8A4AFEAE-4CF0-4532-B849-2106383D615A} = {BC48C2B4-458C-4CA4-B856-D872728A1F33}
		{FD48E572-9EE3-4D43-865A-416038E31830} = {BC48C2B4-458C-4CA4-B856-D872728A1F33}
		{8E6AD446-B668-4B7A-8B20-3CAF528358C5} = {994C59EF-24D6-4E4A-A368-03CF10F60E1F}
		{7E9EACD9-F5B0-488D-A6DF-738AF505D0C7} = {994C59EF-24D6-4E4A-A368-03CF10F60E1F}
		{907161F8-18BC-4F90-BB5D-2D00F96D1803} = {994C59EF-24D6-4E4A-A368-03CF10F60E1F}
		{15B4FE7A-519D-4393-99C9-3D6BD516398E} = {73719CF2-F8D9-4F08-AF74-3A2B17E0FB9C}
		{47D208CC-FC2F-46AF-BBC1-6D8E72AE5763} = {73719CF2-F8D9-4F08-AF74-3A2B17E0FB9C}
		{65C47DCD-222C-4172-A48A-0EF37F502508} = {73719CF2-F8D9-4F08-AF74-3A2B17E0FB9C}
	EndGlobalSection
	GlobalSection(ExtensibilityGlobals) = postSolution
		SolutionGuid = {8DC8C486-5C0B-4803-81C5-ADB1F5696DD1}
	EndGlobalSection
EndGlobal
