
Microsoft Visual Studio Solution File, Format Version 12.00
# Visual Studio Version 17
VisualStudioVersion = 17.11.35303.130
MinimumVisualStudioVersion = 10.0.40219.1
Project("{2150E333-8FDC-42A3-9474-1A3956D46DE8}") = "Task0", "Task0", "{2A2A06DD-B183-4DD5-86DF-A0B4993E0CAA}"
EndProject
Project("{FAE04EC0-301F-11D3-BF4B-00C04F79EFBC}") = "Tyuiu.KulkoDA.Sprint4.Task0.V6", "Tyuiu.KulkoDA.Sprint4.Task0.V6\Tyuiu.KulkoDA.Sprint4.Task0.V6.csproj", "{58FF106E-9874-4B86-B1B5-9188514F1D62}"
EndProject
Project("{FAE04EC0-301F-11D3-BF4B-00C04F79EFBC}") = "Tyuiu.KulkoDA.Sprint4.Task0.V6.Lib", "Tyuiu.KulkoDA.Sprint4.Task0.V6.Lib\Tyuiu.KulkoDA.Sprint4.Task0.V6.Lib.csproj", "{F5D4F7DB-5867-4410-938E-0F4BA22DA3E6}"
EndProject
Project("{FAE04EC0-301F-11D3-BF4B-00C04F79EFBC}") = "Tyuiu.KulkoDA.Sprint4.Task0.V6.Test", "Tyuiu.KulkoDA.Sprint4.Task0.V6.Test\Tyuiu.KulkoDA.Sprint4.Task0.V6.Test.csproj", "{414ED6C9-D7DC-4EB9-8B60-6EEBB297EB75}"
EndProject
Project("{FAE04EC0-301F-11D3-BF4B-00C04F79EFBC}") = "Tyuiu.KulkoDA.Sprint4.Task1.V29", "Tyuiu.KulkoDA.Sprint4.Task1.V29\Tyuiu.KulkoDA.Sprint4.Task1.V29.csproj", "{15EE2153-73EC-43D7-A7C4-6550CBED65C6}"
EndProject
Project("{2150E333-8FDC-42A3-9474-1A3956D46DE8}") = "Task1", "Task1", "{A7FC0C6F-F3DF-4AEE-86CF-12C1C5958A7B}"
EndProject
Project("{FAE04EC0-301F-11D3-BF4B-00C04F79EFBC}") = "Tyuiu.KulkoDA.Sprint4.Task1.V29.Lib", "Tyuiu.KulkoDA.Sprint4.Task1.V29.Lib\Tyuiu.KulkoDA.Sprint4.Task1.V29.Lib.csproj", "{B06B7FAA-0D9D-4988-979E-8A96253841AE}"
EndProject
Project("{FAE04EC0-301F-11D3-BF4B-00C04F79EFBC}") = "Tyuiu.KulkoDA.Sprint4.Task1.V29.Test", "Tyuiu.KulkoDA.Sprint4.Task1.V29.Test\Tyuiu.KulkoDA.Sprint4.Task1.V29.Test.csproj", "{F0B986FA-D41D-4053-93D9-8D41AE87311E}"
EndProject
Project("{2150E333-8FDC-42A3-9474-1A3956D46DE8}") = "Task2", "Task2", "{9BF4AB30-93C9-46B7-B252-0A9814E6846D}"
EndProject
Project("{FAE04EC0-301F-11D3-BF4B-00C04F79EFBC}") = "Tyuiu.KulkoDA.Sprint4.Task2.V5", "Tyuiu.KulkoDA.Sprint4.Task2.V5\Tyuiu.KulkoDA.Sprint4.Task2.V5.csproj", "{8C26DE05-7934-4044-A35F-4EBA0C77D34F}"
EndProject
Project("{FAE04EC0-301F-11D3-BF4B-00C04F79EFBC}") = "Tyuiu.KulkoDA.Sprint4.Task2.V5.Lib", "Tyuiu.KulkoDA.Sprint4.Task2.V5.Lib\Tyuiu.KulkoDA.Sprint4.Task2.V5.Lib.csproj", "{31BDDEAF-057B-47ED-A37D-ADE3AE0AADC3}"
EndProject
Project("{FAE04EC0-301F-11D3-BF4B-00C04F79EFBC}") = "Tyuiu.KulkoDA.Sprint4.Task2.V5.Test", "Tyuiu.KulkoDA.Sprint4.Task2.V5.Test\Tyuiu.KulkoDA.Sprint4.Task2.V5.Test.csproj", "{BC87D036-8AB0-4ACA-A3DC-612401B1ABD5}"
EndProject
Global
	GlobalSection(SolutionConfigurationPlatforms) = preSolution
		Debug|Any CPU = Debug|Any CPU
		Release|Any CPU = Release|Any CPU
	EndGlobalSection
	GlobalSection(ProjectConfigurationPlatforms) = postSolution
		{58FF106E-9874-4B86-B1B5-9188514F1D62}.Debug|Any CPU.ActiveCfg = Debug|Any CPU
		{58FF106E-9874-4B86-B1B5-9188514F1D62}.Debug|Any CPU.Build.0 = Debug|Any CPU
		{58FF106E-9874-4B86-B1B5-9188514F1D62}.Release|Any CPU.ActiveCfg = Release|Any CPU
		{58FF106E-9874-4B86-B1B5-9188514F1D62}.Release|Any CPU.Build.0 = Release|Any CPU
		{F5D4F7DB-5867-4410-938E-0F4BA22DA3E6}.Debug|Any CPU.ActiveCfg = Debug|Any CPU
		{F5D4F7DB-5867-4410-938E-0F4BA22DA3E6}.Debug|Any CPU.Build.0 = Debug|Any CPU
		{F5D4F7DB-5867-4410-938E-0F4BA22DA3E6}.Release|Any CPU.ActiveCfg = Release|Any CPU
		{F5D4F7DB-5867-4410-938E-0F4BA22DA3E6}.Release|Any CPU.Build.0 = Release|Any CPU
		{414ED6C9-D7DC-4EB9-8B60-6EEBB297EB75}.Debug|Any CPU.ActiveCfg = Debug|Any CPU
		{414ED6C9-D7DC-4EB9-8B60-6EEBB297EB75}.Debug|Any CPU.Build.0 = Debug|Any CPU
		{414ED6C9-D7DC-4EB9-8B60-6EEBB297EB75}.Release|Any CPU.ActiveCfg = Release|Any CPU
		{414ED6C9-D7DC-4EB9-8B60-6EEBB297EB75}.Release|Any CPU.Build.0 = Release|Any CPU
		{15EE2153-73EC-43D7-A7C4-6550CBED65C6}.Debug|Any CPU.ActiveCfg = Debug|Any CPU
		{15EE2153-73EC-43D7-A7C4-6550CBED65C6}.Debug|Any CPU.Build.0 = Debug|Any CPU
		{15EE2153-73EC-43D7-A7C4-6550CBED65C6}.Release|Any CPU.ActiveCfg = Release|Any CPU
		{15EE2153-73EC-43D7-A7C4-6550CBED65C6}.Release|Any CPU.Build.0 = Release|Any CPU
		{B06B7FAA-0D9D-4988-979E-8A96253841AE}.Debug|Any CPU.ActiveCfg = Debug|Any CPU
		{B06B7FAA-0D9D-4988-979E-8A96253841AE}.Debug|Any CPU.Build.0 = Debug|Any CPU
		{B06B7FAA-0D9D-4988-979E-8A96253841AE}.Release|Any CPU.ActiveCfg = Release|Any CPU
		{B06B7FAA-0D9D-4988-979E-8A96253841AE}.Release|Any CPU.Build.0 = Release|Any CPU
		{F0B986FA-D41D-4053-93D9-8D41AE87311E}.Debug|Any CPU.ActiveCfg = Debug|Any CPU
		{F0B986FA-D41D-4053-93D9-8D41AE87311E}.Debug|Any CPU.Build.0 = Debug|Any CPU
		{F0B986FA-D41D-4053-93D9-8D41AE87311E}.Release|Any CPU.ActiveCfg = Release|Any CPU
		{F0B986FA-D41D-4053-93D9-8D41AE87311E}.Release|Any CPU.Build.0 = Release|Any CPU
		{8C26DE05-7934-4044-A35F-4EBA0C77D34F}.Debug|Any CPU.ActiveCfg = Debug|Any CPU
		{8C26DE05-7934-4044-A35F-4EBA0C77D34F}.Debug|Any CPU.Build.0 = Debug|Any CPU
		{8C26DE05-7934-4044-A35F-4EBA0C77D34F}.Release|Any CPU.ActiveCfg = Release|Any CPU
		{8C26DE05-7934-4044-A35F-4EBA0C77D34F}.Release|Any CPU.Build.0 = Release|Any CPU
		{31BDDEAF-057B-47ED-A37D-ADE3AE0AADC3}.Debug|Any CPU.ActiveCfg = Debug|Any CPU
		{31BDDEAF-057B-47ED-A37D-ADE3AE0AADC3}.Debug|Any CPU.Build.0 = Debug|Any CPU
		{31BDDEAF-057B-47ED-A37D-ADE3AE0AADC3}.Release|Any CPU.ActiveCfg = Release|Any CPU
		{31BDDEAF-057B-47ED-A37D-ADE3AE0AADC3}.Release|Any CPU.Build.0 = Release|Any CPU
		{BC87D036-8AB0-4ACA-A3DC-612401B1ABD5}.Debug|Any CPU.ActiveCfg = Debug|Any CPU
		{BC87D036-8AB0-4ACA-A3DC-612401B1ABD5}.Debug|Any CPU.Build.0 = Debug|Any CPU
		{BC87D036-8AB0-4ACA-A3DC-612401B1ABD5}.Release|Any CPU.ActiveCfg = Release|Any CPU
		{BC87D036-8AB0-4ACA-A3DC-612401B1ABD5}.Release|Any CPU.Build.0 = Release|Any CPU
	EndGlobalSection
	GlobalSection(SolutionProperties) = preSolution
		HideSolutionNode = FALSE
	EndGlobalSection
	GlobalSection(NestedProjects) = preSolution
		{58FF106E-9874-4B86-B1B5-9188514F1D62} = {2A2A06DD-B183-4DD5-86DF-A0B4993E0CAA}
		{F5D4F7DB-5867-4410-938E-0F4BA22DA3E6} = {2A2A06DD-B183-4DD5-86DF-A0B4993E0CAA}
		{414ED6C9-D7DC-4EB9-8B60-6EEBB297EB75} = {2A2A06DD-B183-4DD5-86DF-A0B4993E0CAA}
		{15EE2153-73EC-43D7-A7C4-6550CBED65C6} = {A7FC0C6F-F3DF-4AEE-86CF-12C1C5958A7B}
		{B06B7FAA-0D9D-4988-979E-8A96253841AE} = {A7FC0C6F-F3DF-4AEE-86CF-12C1C5958A7B}
		{F0B986FA-D41D-4053-93D9-8D41AE87311E} = {A7FC0C6F-F3DF-4AEE-86CF-12C1C5958A7B}
		{8C26DE05-7934-4044-A35F-4EBA0C77D34F} = {9BF4AB30-93C9-46B7-B252-0A9814E6846D}
		{31BDDEAF-057B-47ED-A37D-ADE3AE0AADC3} = {9BF4AB30-93C9-46B7-B252-0A9814E6846D}
		{BC87D036-8AB0-4ACA-A3DC-612401B1ABD5} = {9BF4AB30-93C9-46B7-B252-0A9814E6846D}
	EndGlobalSection
	GlobalSection(ExtensibilityGlobals) = postSolution
		SolutionGuid = {8DC8C486-5C0B-4803-81C5-ADB1F5696DD1}
	EndGlobalSection
EndGlobal
